
Microsoft Visual Studio Solution File, Format Version 12.00
# Visual Studio Version 17
VisualStudioVersion = 17.0.31903.59
MinimumVisualStudioVersion = 10.0.40219.1
Project("{2150E333-8FDC-42A3-9474-1A3956D46DE8}") = "src", "src", "{341AA854-F781-4312-A91C-CDCE66C0A4F2}"
EndProject
Project("{FAE04EC0-301F-11D3-BF4B-00C04F79EFBC}") = "AIAgentDemo.Calculator", "src\AIAgentDemo.Calculator\AIAgentDemo.Calculator.csproj", "{15C452CD-0B34-4403-B464-EB07DEA182C7}"
EndProject
Project("{2150E333-8FDC-42A3-9474-1A3956D46DE8}") = "test", "test", "{B38B51E0-5957-4BAF-A5BB-7DAC867EA1DC}"
EndProject
Project("{FAE04EC0-301F-11D3-BF4B-00C04F79EFBC}") = "AIAgentDemo.Test", "test\AIAgentDemo.Test\AIAgentDemo.Test.csproj", "{480A7509-52E1-4020-81C9-9C28C26AC69F}"
EndProject
Global
	GlobalSection(SolutionConfigurationPlatforms) = preSolution
		Debug|Any CPU = Debug|Any CPU
		Release|Any CPU = Release|Any CPU
	EndGlobalSection
	GlobalSection(SolutionProperties) = preSolution
		HideSolutionNode = FALSE
	EndGlobalSection
	GlobalSection(ProjectConfigurationPlatforms) = postSolution
		{15C452CD-0B34-4403-B464-EB07DEA182C7}.Debug|Any CPU.ActiveCfg = Debug|Any CPU
		{15C452CD-0B34-4403-B464-EB07DEA182C7}.Debug|Any CPU.Build.0 = Debug|Any CPU
		{15C452CD-0B34-4403-B464-EB07DEA182C7}.Release|Any CPU.ActiveCfg = Release|Any CPU
		{15C452CD-0B34-4403-B464-EB07DEA182C7}.Release|Any CPU.Build.0 = Release|Any CPU
		{480A7509-52E1-4020-81C9-9C28C26AC69F}.Debug|Any CPU.ActiveCfg = Debug|Any CPU
		{480A7509-52E1-4020-81C9-9C28C26AC69F}.Debug|Any CPU.Build.0 = Debug|Any CPU
		{480A7509-52E1-4020-81C9-9C28C26AC69F}.Release|Any CPU.ActiveCfg = Release|Any CPU
		{480A7509-52E1-4020-81C9-9C28C26AC69F}.Release|Any CPU.Build.0 = Release|Any CPU
	EndGlobalSection
	GlobalSection(NestedProjects) = preSolution
		{15C452CD-0B34-4403-B464-EB07DEA182C7} = {341AA854-F781-4312-A91C-CDCE66C0A4F2}
		{480A7509-52E1-4020-81C9-9C28C26AC69F} = {B38B51E0-5957-4BAF-A5BB-7DAC867EA1DC}
	EndGlobalSection
EndGlobal
